
Microsoft Visual Studio Solution File, Format Version 12.00
# Visual Studio Version 17
VisualStudioVersion = 17.6.33815.320
MinimumVisualStudioVersion = 10.0.40219.1
Project("{8BC9CEB8-8B4A-11D0-8D11-00A0C91BC942}") = "12.6EKZ", "12.6EKZ\12.6EKZ.vcxproj", "{64D3D694-BA9E-4300-B56C-4E1D7D9F8775}"
EndProject
Global
	GlobalSection(SolutionConfigurationPlatforms) = preSolution
		Debug|x64 = Debug|x64
		Debug|x86 = Debug|x86
		Release|x64 = Release|x64
		Release|x86 = Release|x86
	EndGlobalSection
	GlobalSection(ProjectConfigurationPlatforms) = postSolution
		{64D3D694-BA9E-4300-B56C-4E1D7D9F8775}.Debug|x64.ActiveCfg = Debug|x64
		{64D3D694-BA9E-4300-B56C-4E1D7D9F8775}.Debug|x64.Build.0 = Debug|x64
		{64D3D694-BA9E-4300-B56C-4E1D7D9F8775}.Debug|x86.ActiveCfg = Debug|Win32
		{64D3D694-BA9E-4300-B56C-4E1D7D9F8775}.Debug|x86.Build.0 = Debug|Win32
		{64D3D694-BA9E-4300-B56C-4E1D7D9F8775}.Release|x64.ActiveCfg = Release|x64
		{64D3D694-BA9E-4300-B56C-4E1D7D9F8775}.Release|x64.Build.0 = Release|x64
		{64D3D694-BA9E-4300-B56C-4E1D7D9F8775}.Release|x86.ActiveCfg = Release|Win32
		{64D3D694-BA9E-4300-B56C-4E1D7D9F8775}.Release|x86.Build.0 = Release|Win32
	EndGlobalSection
	GlobalSection(SolutionProperties) = preSolution
		HideSolutionNode = FALSE
	EndGlobalSection
	GlobalSection(ExtensibilityGlobals) = postSolution
		SolutionGuid = {F8CAF4B0-3A59-4D3B-978B-68D7555F3ED4}
	EndGlobalSection
EndGlobal
